
Microsoft Visual Studio Solution File, Format Version 12.00
# Visual Studio Version 17
VisualStudioVersion = 17.0.31903.59
MinimumVisualStudioVersion = 10.0.40219.1
Project("{2150E333-8FDC-42A3-9474-1A3956D46DE8}") = "source", "source", "{B8EFCA5F-814F-285C-A8CB-F00F14650265}"
EndProject
Project("{FAE04EC0-301F-11D3-BF4B-00C04F79EFBC}") = "Apibim.Revit.Extensions", "source\Apibim.Revit.Extensions.csproj", "{C5E9459C-38FB-4F95-98BD-FFBB9B075D7A}"
EndProject
Project("{2150E333-8FDC-42A3-9474-1A3956D46DE8}") = "tests", "tests", "{0AB3BF05-4346-4AA6-1389-037BE0695223}"
EndProject
Project("{FAE04EC0-301F-11D3-BF4B-00C04F79EFBC}") = "Apibim.Revit.Extensions.Tests", "tests\Apibim.Revit.Extensions.Tests.csproj", "{18101238-64C3-4441-9B9B-04590F5286DE}"
EndProject
Global
	GlobalSection(SolutionConfigurationPlatforms) = preSolution
		Debug|Any CPU = Debug|Any CPU
		Debug|x64 = Debug|x64
		Debug|x86 = Debug|x86
		Release|Any CPU = Release|Any CPU
		Release|x64 = Release|x64
		Release|x86 = Release|x86
	EndGlobalSection
	GlobalSection(ProjectConfigurationPlatforms) = postSolution
		{C5E9459C-38FB-4F95-98BD-FFBB9B075D7A}.Debug|Any CPU.ActiveCfg = R2019|Any CPU
		{C5E9459C-38FB-4F95-98BD-FFBB9B075D7A}.Debug|Any CPU.Build.0 = R2019|Any CPU
		{C5E9459C-38FB-4F95-98BD-FFBB9B075D7A}.Debug|x64.ActiveCfg = R2019|Any CPU
		{C5E9459C-38FB-4F95-98BD-FFBB9B075D7A}.Debug|x64.Build.0 = R2019|Any CPU
		{C5E9459C-38FB-4F95-98BD-FFBB9B075D7A}.Debug|x86.ActiveCfg = R2019|Any CPU
		{C5E9459C-38FB-4F95-98BD-FFBB9B075D7A}.Debug|x86.Build.0 = R2019|Any CPU
		{C5E9459C-38FB-4F95-98BD-FFBB9B075D7A}.Release|Any CPU.ActiveCfg = R2019|Any CPU
		{C5E9459C-38FB-4F95-98BD-FFBB9B075D7A}.Release|Any CPU.Build.0 = R2019|Any CPU
		{C5E9459C-38FB-4F95-98BD-FFBB9B075D7A}.Release|x64.ActiveCfg = R2019|Any CPU
		{C5E9459C-38FB-4F95-98BD-FFBB9B075D7A}.Release|x64.Build.0 = R2019|Any CPU
		{C5E9459C-38FB-4F95-98BD-FFBB9B075D7A}.Release|x86.ActiveCfg = R2019|Any CPU
		{C5E9459C-38FB-4F95-98BD-FFBB9B075D7A}.Release|x86.Build.0 = R2019|Any CPU
		{18101238-64C3-4441-9B9B-04590F5286DE}.Debug|Any CPU.ActiveCfg = R2019|Any CPU
		{18101238-64C3-4441-9B9B-04590F5286DE}.Debug|Any CPU.Build.0 = R2019|Any CPU
		{18101238-64C3-4441-9B9B-04590F5286DE}.Debug|x64.ActiveCfg = R2019|Any CPU
		{18101238-64C3-4441-9B9B-04590F5286DE}.Debug|x64.Build.0 = R2019|Any CPU
		{18101238-64C3-4441-9B9B-04590F5286DE}.Debug|x86.ActiveCfg = R2019|Any CPU
		{18101238-64C3-4441-9B9B-04590F5286DE}.Debug|x86.Build.0 = R2019|Any CPU
		{18101238-64C3-4441-9B9B-04590F5286DE}.Release|Any CPU.ActiveCfg = R2019|Any CPU
		{18101238-64C3-4441-9B9B-04590F5286DE}.Release|Any CPU.Build.0 = R2019|Any CPU
		{18101238-64C3-4441-9B9B-04590F5286DE}.Release|x64.ActiveCfg = R2019|Any CPU
		{18101238-64C3-4441-9B9B-04590F5286DE}.Release|x64.Build.0 = R2019|Any CPU
		{18101238-64C3-4441-9B9B-04590F5286DE}.Release|x86.ActiveCfg = R2019|Any CPU
		{18101238-64C3-4441-9B9B-04590F5286DE}.Release|x86.Build.0 = R2019|Any CPU
	EndGlobalSection
	GlobalSection(SolutionProperties) = preSolution
		HideSolutionNode = FALSE
	EndGlobalSection
	GlobalSection(NestedProjects) = preSolution
		{C5E9459C-38FB-4F95-98BD-FFBB9B075D7A} = {B8EFCA5F-814F-285C-A8CB-F00F14650265}
		{18101238-64C3-4441-9B9B-04590F5286DE} = {0AB3BF05-4346-4AA6-1389-037BE0695223}
	EndGlobalSection
EndGlobal
