
Microsoft Visual Studio Solution File, Format Version 12.00
# Visual Studio Version 17
VisualStudioVersion = 17.0.31903.59
MinimumVisualStudioVersion = 10.0.40219.1
Project("{2150E333-8FDC-42A3-9474-1A3956D46DE8}") = "source", "source", "{B8EFCA5F-814F-285C-A8CB-F00F14650265}"
EndProject
Project("{FAE04EC0-301F-11D3-BF4B-00C04F79EFBC}") = "Apibim.Revit.Extensions", "source\Apibim.Revit.Extensions.csproj", "{C5E9459C-38FB-4F95-98BD-FFBB9B075D7A}"
EndProject
Project("{2150E333-8FDC-42A3-9474-1A3956D46DE8}") = "tests", "tests", "{0AB3BF05-4346-4AA6-1389-037BE0695223}"
EndProject
Project("{FAE04EC0-301F-11D3-BF4B-00C04F79EFBC}") = "Apibim.Revit.Extensions.Tests", "tests\Apibim.Revit.Extensions.Tests.csproj", "{18101238-64C3-4441-9B9B-04590F5286DE}"
EndProject
Global
	GlobalSection(SolutionConfigurationPlatforms) = preSolution
		R2020|Any CPU = R2020|Any CPU
		R2021|Any CPU = R2021|Any CPU
		R2022|Any CPU = R2022|Any CPU
		R2023|Any CPU = R2023|Any CPU
		R2024|Any CPU = R2024|Any CPU
		R2025|Any CPU = R2025|Any CPU
		R2026|Any CPU = R2026|Any CPU
		R2027|Any CPU = R2027|Any CPU
	EndGlobalSection
	GlobalSection(ProjectConfigurationPlatforms) = postSolution
		{C5E9459C-38FB-4F95-98BD-FFBB9B075D7A}.R2020|Any CPU.ActiveCfg = R2020|Any CPU
		{C5E9459C-38FB-4F95-98BD-FFBB9B075D7A}.R2020|Any CPU.Build.0 = R2020|Any CPU
		{C5E9459C-38FB-4F95-98BD-FFBB9B075D7A}.R2021|Any CPU.ActiveCfg = R2021|Any CPU
		{C5E9459C-38FB-4F95-98BD-FFBB9B075D7A}.R2021|Any CPU.Build.0 = R2021|Any CPU
		{C5E9459C-38FB-4F95-98BD-FFBB9B075D7A}.R2022|Any CPU.ActiveCfg = R2022|Any CPU
		{C5E9459C-38FB-4F95-98BD-FFBB9B075D7A}.R2022|Any CPU.Build.0 = R2022|Any CPU
		{C5E9459C-38FB-4F95-98BD-FFBB9B075D7A}.R2023|Any CPU.ActiveCfg = R2023|Any CPU
		{C5E9459C-38FB-4F95-98BD-FFBB9B075D7A}.R2023|Any CPU.Build.0 = R2023|Any CPU
		{C5E9459C-38FB-4F95-98BD-FFBB9B075D7A}.R2024|Any CPU.ActiveCfg = R2024|Any CPU
		{C5E9459C-38FB-4F95-98BD-FFBB9B075D7A}.R2024|Any CPU.Build.0 = R2024|Any CPU
		{C5E9459C-38FB-4F95-98BD-FFBB9B075D7A}.R2025|Any CPU.ActiveCfg = R2025|Any CPU
		{C5E9459C-38FB-4F95-98BD-FFBB9B075D7A}.R2025|Any CPU.Build.0 = R2025|Any CPU
		{C5E9459C-38FB-4F95-98BD-FFBB9B075D7A}.R2026|Any CPU.ActiveCfg = R2026|Any CPU
		{C5E9459C-38FB-4F95-98BD-FFBB9B075D7A}.R2026|Any CPU.Build.0 = R2026|Any CPU
		{C5E9459C-38FB-4F95-98BD-FFBB9B075D7A}.R2027|Any CPU.ActiveCfg = R2027|Any CPU
		{C5E9459C-38FB-4F95-98BD-FFBB9B075D7A}.R2027|Any CPU.Build.0 = R2027|Any CPU
		{18101238-64C3-4441-9B9B-04590F5286DE}.R2020|Any CPU.ActiveCfg = R2020|Any CPU
		{18101238-64C3-4441-9B9B-04590F5286DE}.R2020|Any CPU.Build.0 = R2020|Any CPU
		{18101238-64C3-4441-9B9B-04590F5286DE}.R2021|Any CPU.ActiveCfg = R2021|Any CPU
		{18101238-64C3-4441-9B9B-04590F5286DE}.R2021|Any CPU.Build.0 = R2021|Any CPU
		{18101238-64C3-4441-9B9B-04590F5286DE}.R2022|Any CPU.ActiveCfg = R2022|Any CPU
		{18101238-64C3-4441-9B9B-04590F5286DE}.R2022|Any CPU.Build.0 = R2022|Any CPU
		{18101238-64C3-4441-9B9B-04590F5286DE}.R2023|Any CPU.ActiveCfg = R2023|Any CPU
		{18101238-64C3-4441-9B9B-04590F5286DE}.R2023|Any CPU.Build.0 = R2023|Any CPU
		{18101238-64C3-4441-9B9B-04590F5286DE}.R2024|Any CPU.ActiveCfg = R2024|Any CPU
		{18101238-64C3-4441-9B9B-04590F5286DE}.R2024|Any CPU.Build.0 = R2024|Any CPU
		{18101238-64C3-4441-9B9B-04590F5286DE}.R2025|Any CPU.ActiveCfg = R2025|Any CPU
		{18101238-64C3-4441-9B9B-04590F5286DE}.R2025|Any CPU.Build.0 = R2025|Any CPU
		{18101238-64C3-4441-9B9B-04590F5286DE}.R2026|Any CPU.ActiveCfg = R2026|Any CPU
		{18101238-64C3-4441-9B9B-04590F5286DE}.R2026|Any CPU.Build.0 = R2026|Any CPU
		{18101238-64C3-4441-9B9B-04590F5286DE}.R2027|Any CPU.ActiveCfg = R2027|Any CPU
		{18101238-64C3-4441-9B9B-04590F5286DE}.R2027|Any CPU.Build.0 = R2027|Any CPU
	EndGlobalSection
	GlobalSection(SolutionProperties) = preSolution
		HideSolutionNode = FALSE
	EndGlobalSection
	GlobalSection(NestedProjects) = preSolution
		{C5E9459C-38FB-4F95-98BD-FFBB9B075D7A} = {B8EFCA5F-814F-285C-A8CB-F00F14650265}
		{18101238-64C3-4441-9B9B-04590F5286DE} = {0AB3BF05-4346-4AA6-1389-037BE0695223}
	EndGlobalSection
EndGlobal
